
Microsoft Visual Studio Solution File, Format Version 12.00
# Visual Studio Version 17
VisualStudioVersion = 17.14.36301.6
MinimumVisualStudioVersion = 10.0.40219.1
Project("{FAE04EC0-301F-11D3-BF4B-00C04F79EFBC}") = "MacroscopImageDownloader", "MacroscopImageDownloader\MacroscopImageDownloader.csproj", "{5ECD3240-16B1-4C5F-A206-D3F923B0C687}"
EndProject
Global
	GlobalSection(SolutionConfigurationPlatforms) = preSolution
		Debug|Any CPU = Debug|Any CPU
		Release|Any CPU = Release|Any CPU
	EndGlobalSection
	GlobalSection(ProjectConfigurationPlatforms) = postSolution
		{5ECD3240-16B1-4C5F-A206-D3F923B0C687}.Debug|Any CPU.ActiveCfg = Debug|Any CPU
		{5ECD3240-16B1-4C5F-A206-D3F923B0C687}.Debug|Any CPU.Build.0 = Debug|Any CPU
		{5ECD3240-16B1-4C5F-A206-D3F923B0C687}.Release|Any CPU.ActiveCfg = Release|Any CPU
		{5ECD3240-16B1-4C5F-A206-D3F923B0C687}.Release|Any CPU.Build.0 = Release|Any CPU
	EndGlobalSection
	GlobalSection(SolutionProperties) = preSolution
		HideSolutionNode = FALSE
	EndGlobalSection
	GlobalSection(ExtensibilityGlobals) = postSolution
		SolutionGuid = {859021A0-5045-443B-8690-827CD17C1410}
	EndGlobalSection
EndGlobal
